lockfileVersion: '9.0'

settings:
  autoInstallPeers: true
  excludeLinksFromLockfile: false

importers:

  .:
    devDependencies:
      vitepress:
        specifier: ^1.6.4
        version: 1.6.4(@algolia/client-search@5.50.2)(postcss@8.5.10)(search-insights@2.17.3)

packages:

  '@algolia/abtesting@1.16.2':
    resolution: {integrity: sha1-8PDbigcMTcCgjDXoUfl2UeKfFgo=}
    engines: {node: '>= 14.0.0'}

  '@algolia/autocomplete-core@1.17.7':
    resolution: {integrity: sha1-LEELqpSkfFxfVu1xK7SgDr4kCIs=}

  '@algolia/autocomplete-plugin-algolia-insights@1.17.7':
    resolution: {integrity: sha1-fSsQX4Tn3Y8DcKpMSrO3BOZ2DYI=}
    peerDependencies:
      search-insights: '>= 1 < 3'

  '@algolia/autocomplete-preset-algolia@1.17.7':
    resolution: {integrity: sha1-ybrcDXPWLbW/Vl2DnZTsADRoCuk=}
    peerDependencies:
      '@algolia/client-search': '>= 4.9.1 < 6'
      algoliasearch: '>= 4.9.1 < 6'

  '@algolia/autocomplete-shared@1.17.7':
    resolution: {integrity: sha1-EF6ErZ0aMdP7hrog3IkO7+GjE6A=}
    peerDependencies:
      '@algolia/client-search': '>= 4.9.1 < 6'
      algoliasearch: '>= 4.9.1 < 6'

  '@algolia/client-abtesting@5.50.2':
    resolution: {integrity: sha1-D6ZELIeSIh13u/1CMI1/YKr+Tt0=}
    engines: {node: '>= 14.0.0'}

  '@algolia/client-analytics@5.50.2':
    resolution: {integrity: sha1-RY0sQRn/VD39LA69aFrGw8J5vew=}
    engines: {node: '>= 14.0.0'}

  '@algolia/client-common@5.50.2':
    resolution: {integrity: sha1-BZ/ygrUhBvWS13pZs5k9AeUdKRg=}
    engines: {node: '>= 14.0.0'}

  '@algolia/client-insights@5.50.2':
    resolution: {integrity: sha1-RgbzuafD3uQv+Pu2ZfGJrW8WMMg=}
    engines: {node: '>= 14.0.0'}

  '@algolia/client-personalization@5.50.2':
    resolution: {integrity: sha1-o7U2EGr+WUD7CtTIZK2iyMihHwQ=}
    engines: {node: '>= 14.0.0'}

  '@algolia/client-query-suggestions@5.50.2':
    resolution: {integrity: sha1-RBgLanOBwgcP58AGxnPwtdS1bE8=}
    engines: {node: '>= 14.0.0'}

  '@algolia/client-search@5.50.2':
    resolution: {integrity: sha1-J1AcXApFeJHFJG1sI+PEuBu6jo4=}
    engines: {node: '>= 14.0.0'}

  '@algolia/ingestion@1.50.2':
    resolution: {integrity: sha1-6khSOSZNXIKWOH06RWP757AlzfQ=}
    engines: {node: '>= 14.0.0'}

  '@algolia/monitoring@1.50.2':
    resolution: {integrity: sha1-KjRqdEW7llspML22MDp/k2HaMyA=}
    engines: {node: '>= 14.0.0'}

  '@algolia/recommend@5.50.2':
    resolution: {integrity: sha1-jwJk/7v+GDGY4+6Nvp1iG/oNJIw=}
    engines: {node: '>= 14.0.0'}

  '@algolia/requester-browser-xhr@5.50.2':
    resolution: {integrity: sha1-goX5ItKsT/VmPLCyLyjj8ycnuc8=}
    engines: {node: '>= 14.0.0'}

  '@algolia/requester-fetch@5.50.2':
    resolution: {integrity: sha1-oMM/OZviE9b2eNK3ypH8XpQ1phk=}
    engines: {node: '>= 14.0.0'}

  '@algolia/requester-node-http@5.50.2':
    resolution: {integrity: sha1-xeOjzyhjOTx9nwEqRVlzxI/RQKQ=}
    engines: {node: '>= 14.0.0'}

  '@babel/helper-string-parser@7.27.1':
    resolution: {integrity: sha1-VNp5YJerGc5n7Z+ItHuy7Ek2doc=}
    engines: {node: '>=6.9.0'}

  '@babel/helper-validator-identifier@7.28.5':
    resolution: {integrity: sha1-AQtpOPq3y333SqK7wGqlA7j+X7Q=}
    engines: {node: '>=6.9.0'}

  '@babel/parser@7.29.2':
    resolution: {integrity: sha1-WL1QuaeVHRNJiKGuF3o175pwO6E=}
    engines: {node: '>=6.0.0'}
    hasBin: true

  '@babel/types@7.29.0':
    resolution: {integrity: sha1-n1seg4xEbnLPPNS5GBUrjGBeN8c=}
    engines: {node: '>=6.9.0'}

  '@docsearch/css@3.8.2':
    resolution: {integrity: sha1-eXPOtoksMPFUuiVM0FxWIlekSXc=}

  '@docsearch/js@3.8.2':
    resolution: {integrity: sha1-vc/Jg3cA6zhFO4jiEatcxaOBPMY=}

  '@docsearch/react@3.8.2':
    resolution: {integrity: sha1-exHTm2HJdsCqn73mbmtzsw86zUI=}
    peerDependencies:
      '@types/react': '>= 16.8.0 < 19.0.0'
      react: '>= 16.8.0 < 19.0.0'
      react-dom: '>= 16.8.0 < 19.0.0'
      search-insights: '>= 1 < 3'
    peerDependenciesMeta:
      '@types/react':
        optional: true
      react:
        optional: true
      react-dom:
        optional: true
      search-insights:
        optional: true

  '@esbuild/aix-ppc64@0.21.5':
    resolution: {integrity: sha1-xxhKMmUz/N8bjuBzPiHHE7l1V18=}
    engines: {node: '>=12'}
    cpu: [ppc64]
    os: [aix]

  '@esbuild/android-arm64@0.21.5':
    resolution: {integrity: sha1-Cdm0NXeA2p6jp9+4M6Hx/0ObQFI=}
    engines: {node: '>=12'}
    cpu: [arm64]
    os: [android]

  '@esbuild/android-arm@0.21.5':
    resolution: {integrity: sha1-mwQ4T7dxkm36bXrQQyTssqubLig=}
    engines: {node: '>=12'}
    cpu: [arm]
    os: [android]

  '@esbuild/android-x64@0.21.5':
    resolution: {integrity: sha1-KZGOwtt1TO3LbBsE3ozWVHr2Rh4=}
    engines: {node: '>=12'}
    cpu: [x64]
    os: [android]

  '@esbuild/darwin-arm64@0.21.5':
    resolution: {integrity: sha1-5JW1OWYOUWkPOSivUKdvsKbM/yo=}
    engines: {node: '>=12'}
    cpu: [arm64]
    os: [darwin]

  '@esbuild/darwin-x64@0.21.5':
    resolution: {integrity: sha1-wTg4+lc3KDmr3dyR1xVCzuouHiI=}
    engines: {node: '>=12'}
    cpu: [x64]
    os: [darwin]

  '@esbuild/freebsd-arm64@0.21.5':
    resolution: {integrity: sha1-ZGuYmqIL+J/Qcd1dv61po1QuVQ4=}
    engines: {node: '>=12'}
    cpu: [arm64]
    os: [freebsd]

  '@esbuild/freebsd-x64@0.21.5':
    resolution: {integrity: sha1-qmFc/ICvlU00WJBuOMoiwYz1wmE=}
    engines: {node: '>=12'}
    cpu: [x64]
    os: [freebsd]

  '@esbuild/linux-arm64@0.21.5':
    resolution: {integrity: sha1-cKxvoU9ct+H3+Ie8/7aArQmSK1s=}
    engines: {node: '>=12'}
    cpu: [arm64]
    os: [linux]

  '@esbuild/linux-arm@0.21.5':
    resolution: {integrity: sha1-/G/RGorKVsH284lPK+oEefj2Jrk=}
    engines: {node: '>=12'}
    cpu: [arm]
    os: [linux]

  '@esbuild/linux-ia32@0.21.5':
    resolution: {integrity: sha1-MnH1Oz+T49CT1RjRZJ1taNNG7eI=}
    engines: {node: '>=12'}
    cpu: [ia32]
    os: [linux]

  '@esbuild/linux-loong64@0.21.5':
    resolution: {integrity: sha1-7WLgQjjFcCauqDHFoTC3PA+fJt8=}
    engines: {node: '>=12'}
    cpu: [loong64]
    os: [linux]

  '@esbuild/linux-mips64el@0.21.5':
    resolution: {integrity: sha1-55uOtIvzsQb63sGsgkD7l7TmTL4=}
    engines: {node: '>=12'}
    cpu: [mips64el]
    os: [linux]

  '@esbuild/linux-ppc64@0.21.5':
    resolution: {integrity: sha1-XyIDhgoUO5kZ04PvdXNSH7FUw+Q=}
    engines: {node: '>=12'}
    cpu: [ppc64]
    os: [linux]

  '@esbuild/linux-riscv64@0.21.5':
    resolution: {integrity: sha1-B7yv2ZMi1a9i9hjLnmqbf0u4Jdw=}
    engines: {node: '>=12'}
    cpu: [riscv64]
    os: [linux]

  '@esbuild/linux-s390x@0.21.5':
    resolution: {integrity: sha1-t8z2hnUdaj5EuGJ6uryL4+9i2N4=}
    engines: {node: '>=12'}
    cpu: [s390x]
    os: [linux]

  '@esbuild/linux-x64@0.21.5':
    resolution: {integrity: sha1-bY8Mdo4HDmQwmvgAS7lOaKsrs7A=}
    engines: {node: '>=12'}
    cpu: [x64]
    os: [linux]

  '@esbuild/netbsd-x64@0.21.5':
    resolution: {integrity: sha1-u+Qw9g03jsuI3sshnGAmZzh6YEc=}
    engines: {node: '>=12'}
    cpu: [x64]
    os: [netbsd]

  '@esbuild/openbsd-x64@0.21.5':
    resolution: {integrity: sha1-mdHPKTcnlWDSEEgh9czOIgyyr3A=}
    engines: {node: '>=12'}
    cpu: [x64]
    os: [openbsd]

  '@esbuild/sunos-x64@0.21.5':
    resolution: {integrity: sha1-CHQVEsENUpVmurqDe0/gUsjzSHs=}
    engines: {node: '>=12'}
    cpu: [x64]
    os: [sunos]

  '@esbuild/win32-arm64@0.21.5':
    resolution: {integrity: sha1-Z1tzhTmEESQHNQFhRKsumaYPx10=}
    engines: {node: '>=12'}
    cpu: [arm64]
    os: [win32]

  '@esbuild/win32-ia32@0.21.5':
    resolution: {integrity: sha1-G/w86YqmypoJaeTSr3IUTFnBGTs=}
    engines: {node: '>=12'}
    cpu: [ia32]
    os: [win32]

  '@esbuild/win32-x64@0.21.5':
    resolution: {integrity: sha1-rK01HVgtFXuxRVNdsqb/U91RS1w=}
    engines: {node: '>=12'}
    cpu: [x64]
    os: [win32]

  '@iconify-json/simple-icons@1.2.79':
    resolution: {integrity: sha1-WuaIvJAdBtOfS+7YVStaup+LW6E=}

  '@iconify/types@2.0.0':
    resolution: {integrity: sha1-qw6epoHWyKEhTzDNdB/jogzFf1c=}

  '@jridgewell/sourcemap-codec@1.5.5':
    resolution: {integrity: sha1-aRKwDSxjHA0Vzhp6tXzWV/Ko+Lo=}

  '@rollup/rollup-android-arm-eabi@4.60.2':
    resolution: {integrity: sha1-oZxkXDdRWM1cUKNEEG8PoY64IcQ=}
    cpu: [arm]
    os: [android]

  '@rollup/rollup-android-arm64@4.60.2':
    resolution: {integrity: sha1-GvGaqdOtbQDfJoH1nPy4v3SZV2s=}
    cpu: [arm64]
    os: [android]

  '@rollup/rollup-darwin-arm64@4.60.2':
    resolution: {integrity: sha1-O4Rj4Duio5NFP+pw59kHN5wntkk=}
    cpu: [arm64]
    os: [darwin]

  '@rollup/rollup-darwin-x64@4.60.2':
    resolution: {integrity: sha1-KNoj1p/hF/Xw/zMKhUnlG9CfG2o=}
    cpu: [x64]
    os: [darwin]

  '@rollup/rollup-freebsd-arm64@4.60.2':
    resolution: {integrity: sha1-lLrKwxkPYh3hNVkitZnzgXeGBEw=}
    cpu: [arm64]
    os: [freebsd]

  '@rollup/rollup-freebsd-x64@4.60.2':
    resolution: {integrity: sha1-igCU9TO5/aFgtckK2eDHj8o0F4g=}
    cpu: [x64]
    os: [freebsd]

  '@rollup/rollup-linux-arm-gnueabihf@4.60.2':
    resolution: {integrity: sha1-O36QGlVcckXIf3RAl5vuCh7Igrs=}
    cpu: [arm]
    os: [linux]
    libc: [glibc]

  '@rollup/rollup-linux-arm-musleabihf@4.60.2':
    resolution: {integrity: sha1-7poJty6K12TP1hiLMv8d5Sj/fr4=}
    cpu: [arm]
    os: [linux]
    libc: [musl]

  '@rollup/rollup-linux-arm64-gnu@4.60.2':
    resolution: {integrity: sha1-ukg/Ssqb4UEXHQhtvQGtpqsDtY0=}
    cpu: [arm64]
    os: [linux]
    libc: [glibc]

  '@rollup/rollup-linux-arm64-musl@4.60.2':
    resolution: {integrity: sha1-F7WVt5Dm32jpHF0CUm/IMqmFzk8=}
    cpu: [arm64]
    os: [linux]
    libc: [musl]

  '@rollup/rollup-linux-loong64-gnu@4.60.2':
    resolution: {integrity: sha1-VRcYcUB1or+zaigTxGbjoOnVar8=}
    cpu: [loong64]
    os: [linux]
    libc: [glibc]

  '@rollup/rollup-linux-loong64-musl@4.60.2':
    resolution: {integrity: sha1-uhVu0SQ0R6PXEJcgAdXc/jgn/z0=}
    cpu: [loong64]
    os: [linux]
    libc: [musl]

  '@rollup/rollup-linux-ppc64-gnu@4.60.2':
    resolution: {integrity: sha1-apV6cJuGrGLvaOWXrAPb1DNngrE=}
    cpu: [ppc64]
    os: [linux]
    libc: [glibc]

  '@rollup/rollup-linux-ppc64-musl@4.60.2':
    resolution: {integrity: sha1-ykF2tK1T8+3uO0v6b570j/OPFns=}
    cpu: [ppc64]
    os: [linux]
    libc: [musl]

  '@rollup/rollup-linux-riscv64-gnu@4.60.2':
    resolution: {integrity: sha1-TmsI9y6+r9tB8+xDO9IouoVzRzs=}
    cpu: [riscv64]
    os: [linux]
    libc: [glibc]

  '@rollup/rollup-linux-riscv64-musl@4.60.2':
    resolution: {integrity: sha1-oLi4WAx2gMgIbLMiZSflRyJTuJU=}
    cpu: [riscv64]
    os: [linux]
    libc: [musl]

  '@rollup/rollup-linux-s390x-gnu@4.60.2':
    resolution: {integrity: sha1-ef4VuSzguuK2Cc8m3RWM0+K3NjQ=}
    cpu: [s390x]
    os: [linux]
    libc: [glibc]

  '@rollup/rollup-linux-x64-gnu@4.60.2':
    resolution: {integrity: sha1-aqgwL6Rf08u8UQzNIjycN79n5T8=}
    cpu: [x64]
    os: [linux]
    libc: [glibc]

  '@rollup/rollup-linux-x64-musl@4.60.2':
    resolution: {integrity: sha1-DBpel5n4DEembyw6XxooDzg1YEc=}
    cpu: [x64]
    os: [linux]
    libc: [musl]

  '@rollup/rollup-openbsd-x64@4.60.2':
    resolution: {integrity: sha1-XwfIY+dP1Ch5Tx3FdJ8yG2YdHxc=}
    cpu: [x64]
    os: [openbsd]

  '@rollup/rollup-openharmony-arm64@4.60.2':
    resolution: {integrity: sha1-jg1xMkvg9CNCixKyWi646o4KeDM=}
    cpu: [arm64]
    os: [openharmony]

  '@rollup/rollup-win32-arm64-msvc@4.60.2':
    resolution: {integrity: sha1-pVP9+Qp4Ws5tdQHu1iQcRosIiZk=}
    cpu: [arm64]
    os: [win32]

  '@rollup/rollup-win32-ia32-msvc@4.60.2':
    resolution: {integrity: sha1-D7BPCogCf7/TI+JaRG3rzkdzhow=}
    cpu: [ia32]
    os: [win32]

  '@rollup/rollup-win32-x64-gnu@4.60.2':
    resolution: {integrity: sha1-qqnjbb3A8OOX5ZZtzOG0KFNU7eI=}
    cpu: [x64]
    os: [win32]

  '@rollup/rollup-win32-x64-msvc@4.60.2':
    resolution: {integrity: sha1-NBjc8TiPKr1rDMwI/h7yBa521pY=}
    cpu: [x64]
    os: [win32]

  '@shikijs/core@2.5.0':
    resolution: {integrity: sha1-4U0zlh36MUE5PUp2/Ikj0NHEti8=}

  '@shikijs/engine-javascript@2.5.0':
    resolution: {integrity: sha1-4EXG7PvabJkTdUewpILguH8QU/w=}

  '@shikijs/engine-oniguruma@2.5.0':
    resolution: {integrity: sha1-Iw3laTzB2mydWcetg1k8ICcnSBc=}

  '@shikijs/langs@2.5.0':
    resolution: {integrity: sha1-l6tQxJWSLMHKBuGSmFso3HPeXVA=}

  '@shikijs/themes@2.5.0':
    resolution: {integrity: sha1-jGrs9z9UVWgci+wVeXz2eBYolss=}

  '@shikijs/transformers@2.5.0':
    resolution: {integrity: sha1-GQyEeG/wbEF1gKt5F3M4qUcWjFU=}

  '@shikijs/types@2.5.0':
    resolution: {integrity: sha1-6UnHOEgCcDpIudZCXdQWc8Fk32k=}

  '@shikijs/vscode-textmate@10.0.2':
    resolution: {integrity: sha1-qQqzHQzB37VMZqaeUVv2JPp7IiQ=}

  '@types/estree@1.0.8':
    resolution: {integrity: sha1-lYuRyZGxhnztMYvt6g4hXuBQcm4=}

  '@types/hast@3.0.4':
    resolution: {integrity: sha1-HWs5mTuCzqateDlFsFCMJZA+Fao=}

  '@types/linkify-it@5.0.0':
    resolution: {integrity: sha1-IUEwAZcxBs2hw6m5Hu3UzNVGnXY=}

  '@types/markdown-it@14.1.2':
    resolution: {integrity: sha1-V/JTKggABn2bk081IUKaLov7TGE=}

  '@types/mdast@4.0.4':
    resolution: {integrity: sha1-fM9y7dLxqn3TQ34YDGQ3NYWATdY=}

  '@types/mdurl@2.0.0':
    resolution: {integrity: sha1-1Dh4tbICImghY65viXsgRHIzvf0=}

  '@types/unist@3.0.3':
    resolution: {integrity: sha1-rKqw+RnOaczmKcLU7S60rcG2wgw=}

  '@types/web-bluetooth@0.0.21':
    resolution: {integrity: sha1-UlQzx4Su2bRXqqDuPZKutx80a2M=}

  '@ungap/structured-clone@1.3.0':
    resolution: {integrity: sha1-0Gu7OE689sUF/eHD0O1N3/4Kr/g=}

  '@vitejs/plugin-vue@5.2.4':
    resolution: {integrity: sha1-nopRLrF0v8KjM7qVm7+d5CjYmtg=}
    engines: {node: ^18.0.0 || >=20.0.0}
    peerDependencies:
      vite: ^5.0.0 || ^6.0.0
      vue: ^3.2.25

  '@vue/compiler-core@3.5.33':
    resolution: {integrity: sha1-adpf2+rbhtWoURz0uA5hFsIeAPY=}

  '@vue/compiler-dom@3.5.33':
    resolution: {integrity: sha1-IOwfO02cRVzJCVfhN2fNPuFsl5A=}

  '@vue/compiler-sfc@3.5.33':
    resolution: {integrity: sha1-ZHsDN9vvbj2gQldvVmP/Mn9jX3g=}

  '@vue/compiler-ssr@3.5.33':
    resolution: {integrity: sha1-xOmOlCezdYU1H1TLEF1My0d+Vy8=}

  '@vue/devtools-api@7.7.9':
    resolution: {integrity: sha1-mZ2+pQ2msAz1mhM28R/cK0PZ4GM=}

  '@vue/devtools-kit@7.7.9':
    resolution: {integrity: sha1-vCGKgVYW6Jh996s+EPwfs7hwbFg=}

  '@vue/devtools-shared@7.7.9':
    resolution: {integrity: sha1-+kwJa3RJJwgafdpfzwXzSxrmyhQ=}

  '@vue/reactivity@3.5.33':
    resolution: {integrity: sha1-0wW/71PYglon88a7nfJ43Y/iS1I=}

  '@vue/runtime-core@3.5.33':
    resolution: {integrity: sha1-G/3FgL7KDMeYx02kCYWhtA5wtwg=}

  '@vue/runtime-dom@3.5.33':
    resolution: {integrity: sha1-f7P60o2E+cT4sdeWN1xrW3HDjEM=}

  '@vue/server-renderer@3.5.33':
    resolution: {integrity: sha1-jtuJaeUlCChQQij5Mli4VIHglII=}
    peerDependencies:
      vue: 3.5.33

  '@vue/shared@3.5.33':
    resolution: {integrity: sha1-tBBwA56R0pIe20w4y8yA9JiiTzo=}

  '@vueuse/core@12.8.2':
    resolution: {integrity: sha1-AHxt0pp9H2kz6RbnovjvPD+Wjqo=}

  '@vueuse/integrations@12.8.2':
    resolution: {integrity: sha1-0E8z2G/phcmifJit3P3p8w8tsd8=}
    peerDependencies:
      async-validator: ^4
      axios: ^1
      change-case: ^5
      drauu: ^0.4
      focus-trap: ^7
      fuse.js: ^7
      idb-keyval: ^6
      jwt-decode: ^4
      nprogress: ^0.2
      qrcode: ^1.5
      sortablejs: ^1
      universal-cookie: ^7
    peerDependenciesMeta:
      async-validator:
        optional: true
      axios:
        optional: true
      change-case:
        optional: true
      drauu:
        optional: true
      focus-trap:
        optional: true
      fuse.js:
        optional: true
      idb-keyval:
        optional: true
      jwt-decode:
        optional: true
      nprogress:
        optional: true
      qrcode:
        optional: true
      sortablejs:
        optional: true
      universal-cookie:
        optional: true

  '@vueuse/metadata@12.8.2':
    resolution: {integrity: sha1-bLOk6Xzc9SgynuvBvac81/ZDGNM=}

  '@vueuse/shared@12.8.2':
    resolution: {integrity: sha1-ueRhHQYDYpyOFR+YJFnaOU4i+TA=}

  algoliasearch@5.50.2:
    resolution: {integrity: sha1-DOW8PKFceFTkhFucu+KfwoVNlic=}
    engines: {node: '>= 14.0.0'}

  birpc@2.9.0:
    resolution: {integrity: sha1-tZVQiX5M2WoiPipsFHW1ciNu0UU=}

  ccount@2.0.1:
    resolution: {integrity: sha1-F6O/gjAuCHDW2kOgExGovAKj7PU=}

  character-entities-html4@2.1.0:
    resolution: {integrity: sha1-HxrblAyXGksiujndymthjcblays=}

  character-entities-legacy@3.0.0:
    resolution: {integrity: sha1-dryDqQc4kB17wiOp6TdZ/dVgEls=}

  comma-separated-tokens@2.0.3:
    resolution: {integrity: sha1-TonJRYrLYbyP7xn0UplzsjkoOe4=}

  copy-anything@4.0.5:
    resolution: {integrity: sha1-Fsq6/R6kuzJ6VAt1DytN9SKCWuo=}
    engines: {node: '>=18'}

  csstype@3.2.3:
    resolution: {integrity: sha1-7EjA8+mT5QZIyG2lWeJhCZXPmJo=}

  dequal@2.0.3:
    resolution: {integrity: sha1-JkQhTxmX057Q7g7OcjNUkKesZ74=}
    engines: {node: '>=6'}

  devlop@1.1.0:
    resolution: {integrity: sha1-TbfCyk3G4Og0wwvnDJS7yXbccBg=}

  emoji-regex-xs@1.0.0:
    resolution: {integrity: sha1-6K8i5dnb1/fyLSgK89GdKqtbByQ=}

  entities@7.0.1:
    resolution: {integrity: sha1-JuioiInbY0F9y5oeeaPxvJK1l2s=}
    engines: {node: '>=0.12'}

  esbuild@0.21.5:
    resolution: {integrity: sha1-nKMBsSCSKVm3ZjYNisgw2g0CmX0=}
    engines: {node: '>=12'}
    hasBin: true

  estree-walker@2.0.2:
    resolution: {integrity: sha1-UvAQF4wqTBF6d1fP6UKtt9LaTKw=}

  focus-trap@7.8.0:
    resolution: {integrity: sha1-sdlGP6Qrk616UiPXUEk6bAm2cqg=}

  fsevents@2.3.3:
    resolution: {integrity: sha1-ysZAd4XQNnWipeGlMFxpezR9kNY=}
    engines: {node: ^8.16.0 || ^10.6.0 || >=11.0.0}
    os: [darwin]

  hast-util-to-html@9.0.5:
    resolution: {integrity: sha1-zMZzpVu46Fd1sIrCg4D3LUcWcAU=}

  hast-util-whitespace@3.0.0:
    resolution: {integrity: sha1-d3jtnTyS3Z6MXI9kiknCH8UctiE=}

  hookable@5.5.3:
    resolution: {integrity: sha1-bPw1iYSh75keJRjLntSneLvTIV0=}

  html-void-elements@3.0.0:
    resolution: {integrity: sha1-/J29hK+edHJJA01NYmAt72UX8dc=}

  is-what@5.5.0:
    resolution: {integrity: sha1-owMYFXV8/h8D/tmQv2NVotP2KMQ=}
    engines: {node: '>=18'}

  magic-string@0.30.21:
    resolution: {integrity: sha1-VnY+wJoPqAkd8nh5/ZTRkHjADZE=}

  mark.js@8.11.1:
    resolution: {integrity: sha1-GA8fnr74sOY45BZq1S24eb6y/8U=}

  mdast-util-to-hast@13.2.1:
    resolution: {integrity: sha1-1/+EykmaV+LAYK5nVIrZUOaJoFM=}

  micromark-util-character@2.1.1:
    resolution: {integrity: sha1-L5h4MaQNTFEKwmHomFLE6XA8zaY=}

  micromark-util-encode@2.0.1:
    resolution: {integrity: sha1-DVHRwJVVHPqsNoMmljz1XxX1QLg=}

  micromark-util-sanitize-uri@2.0.1:
    resolution: {integrity: sha1-q4l4m4GKWHUrc9a1UjhiG3+qj9c=}

  micromark-util-symbol@2.0.1:
    resolution: {integrity: sha1-5dpJTo6ysHGg0I+zT2zv7GwKGbg=}

  micromark-util-types@2.0.2:
    resolution: {integrity: sha1-8AIl9fWg68MlT5bDa2YFxLOTkI4=}

  minisearch@7.2.0:
    resolution: {integrity: sha1-PcMOQelGSzg2VTttlptlZhT481k=}

  mitt@3.0.1:
    resolution: {integrity: sha1-6jbPDMMEA2Aa4HTI93twks2rNtE=}

  nanoid@3.3.11:
    resolution: {integrity: sha1-T08RLO++MDIC8hmYOBKJNiZtGFs=}
    engines: {node: ^10 || ^12 || ^13.7 || ^14 || >=15.0.1}
    hasBin: true

  oniguruma-to-es@3.1.1:
    resolution: {integrity: sha1-SA5LrE07yUOawNISTwcl56DXbRc=}

  perfect-debounce@1.0.0:
    resolution: {integrity: sha1-nC6LwwsWnMmEpYt9WygEmDlZHSo=}

  picocolors@1.1.1:
    resolution: {integrity: sha1-PTIa8+q5ObCDyPkpodEs2oHCa2s=}

  postcss@8.5.10:
    resolution: {integrity: sha1-iZLYwwrPPxIWnnwJUUoS/tfkg1Y=}
    engines: {node: ^10 || ^12 || >=14}

  preact@10.29.1:
    resolution: {integrity: sha1-KluTbv6Rz+Hnc821Xc61XRSNHUs=}

  property-information@7.1.0:
    resolution: {integrity: sha1-tiLoZG4CtYAgVBVYa0CATT6L/V0=}

  regex-recursion@6.0.2:
    resolution: {integrity: sha1-oLGXenTIfwczd7k42+36supYKzM=}

  regex-utilities@2.3.0:
    resolution: {integrity: sha1-hxY1EqFdzikIzweciWDVFY/0MoA=}

  regex@6.1.0:
    resolution: {integrity: sha1-186Y+O4y2nSXwT9mAfyivEpqeAM=}

  rfdc@1.4.1:
    resolution: {integrity: sha1-d492xPtzHZNBTo+SX77PZMzn9so=}

  rollup@4.60.2:
    resolution: {integrity: sha1-rCP+S9UwMEzvn6YeY51wmLZ2LPQ=}
    engines: {node: '>=18.0.0', npm: '>=8.0.0'}
    hasBin: true

  search-insights@2.17.3:
    resolution: {integrity: sha1-j66l0gUHvzSMq6ByTlOGhihHtmE=}

  shiki@2.5.0:
    resolution: {integrity: sha1-CdAevzsLBlgEMc493AIzIEQs8iM=}

  source-map-js@1.2.1:
    resolution: {integrity: sha1-HOVlD93YerwJnto33P8CTCZnrkY=}
    engines: {node: '>=0.10.0'}

  space-separated-tokens@2.0.2:
    resolution: {integrity: sha1-Hs2dI1CjhEVyw/SjErzrAYNIhZ8=}

  speakingurl@14.0.1:
    resolution: {integrity: sha1-837I3cSrmOlgDByewySoxI13KlM=}
    engines: {node: '>=0.10.0'}

  stringify-entities@4.0.4:
    resolution: {integrity: sha1-s7ee9fJ3zErHPK6wI2xbqTmzpPM=}

  superjson@2.2.6:
    resolution: {integrity: sha1-oiOjqYgXKl+WVuIGP+X3M69A0Jk=}
    engines: {node: '>=16'}

  tabbable@6.4.0:
    resolution: {integrity: sha1-Nut6BtgLOSSiIJXa9FdA3qO/VYE=}

  trim-lines@3.0.1:
    resolution: {integrity: sha1-2ALjMqB9+GHEiALAQyEBexvYczg=}

  unist-util-is@6.0.1:
    resolution: {integrity: sha1-0KP4by3Q23rNfYwkeAgLXGf5xqk=}

  unist-util-position@5.0.0:
    resolution: {integrity: sha1-Z48gq1yhIHqX1+qKOINzyc+Ja+Q=}

  unist-util-stringify-position@4.0.0:
    resolution: {integrity: sha1-RJxuIaiA4IVb9aq63rOnQDFKusI=}

  unist-util-visit-parents@6.0.2:
    resolution: {integrity: sha1-d333+5hlLOFrS3zZmdChpA76OgI=}

  unist-util-visit@5.1.0:
    resolution: {integrity: sha1-mioosKp2oV4NpwoIpYY6LwYOJGg=}

  vfile-message@4.0.3:
    resolution: {integrity: sha1-h7RN3de3DwZBwuPtCGS6c+LqjfQ=}

  vfile@6.0.3:
    resolution: {integrity: sha1-NlKrHEllMYUr9VprrFevmB68OKs=}

  vite@5.4.21:
    resolution: {integrity: sha1-hKT3xdhgsHFnbTm6UTwNWY/ccCc=}
    engines: {node: ^18.0.0 || >=20.0.0}
    hasBin: true
    peerDependencies:
      '@types/node': ^18.0.0 || >=20.0.0
      less: '*'
      lightningcss: ^1.21.0
      sass: '*'
      sass-embedded: '*'
      stylus: '*'
      sugarss: '*'
      terser: ^5.4.0
    peerDependenciesMeta:
      '@types/node':
        optional: true
      less:
        optional: true
      lightningcss:
        optional: true
      sass:
        optional: true
      sass-embedded:
        optional: true
      stylus:
        optional: true
      sugarss:
        optional: true
      terser:
        optional: true

  vitepress@1.6.4:
    resolution: {integrity: sha1-G2xo/t5UGj9AGmYmPc4MmF4tjZI=}
    hasBin: true
    peerDependencies:
      markdown-it-mathjax3: ^4
      postcss: ^8
    peerDependenciesMeta:
      markdown-it-mathjax3:
        optional: true
      postcss:
        optional: true

  vue@3.5.33:
    resolution: {integrity: sha1-LuVCWvirhOJVBU8fNDBuNw+F6hk=}
    peerDependencies:
      typescript: '*'
    peerDependenciesMeta:
      typescript:
        optional: true

  zwitch@2.0.4:
    resolution: {integrity: sha1-yCfUsKy3b8PmhaTG7CkC1RBw6dc=}

snapshots:

  '@algolia/abtesting@1.16.2':
    dependencies:
      '@algolia/client-common': 5.50.2
      '@algolia/requester-browser-xhr': 5.50.2
      '@algolia/requester-fetch': 5.50.2
      '@algolia/requester-node-http': 5.50.2

  '@algolia/autocomplete-core@1.17.7(@algolia/client-search@5.50.2)(algoliasearch@5.50.2)(search-insights@2.17.3)':
    dependencies:
      '@algolia/autocomplete-plugin-algolia-insights': 1.17.7(@algolia/client-search@5.50.2)(algoliasearch@5.50.2)(search-insights@2.17.3)
      '@algolia/autocomplete-shared': 1.17.7(@algolia/client-search@5.50.2)(algoliasearch@5.50.2)
    transitivePeerDependencies:
      - '@algolia/client-search'
      - algoliasearch
      - search-insights

  '@algolia/autocomplete-plugin-algolia-insights@1.17.7(@algolia/client-search@5.50.2)(algoliasearch@5.50.2)(search-insights@2.17.3)':
    dependencies:
      '@algolia/autocomplete-shared': 1.17.7(@algolia/client-search@5.50.2)(algoliasearch@5.50.2)
      search-insights: 2.17.3
    transitivePeerDependencies:
      - '@algolia/client-search'
      - algoliasearch

  '@algolia/autocomplete-preset-algolia@1.17.7(@algolia/client-search@5.50.2)(algoliasearch@5.50.2)':
    dependencies:
      '@algolia/autocomplete-shared': 1.17.7(@algolia/client-search@5.50.2)(algoliasearch@5.50.2)
      '@algolia/client-search': 5.50.2
      algoliasearch: 5.50.2

  '@algolia/autocomplete-shared@1.17.7(@algolia/client-search@5.50.2)(algoliasearch@5.50.2)':
    dependencies:
      '@algolia/client-search': 5.50.2
      algoliasearch: 5.50.2

  '@algolia/client-abtesting@5.50.2':
    dependencies:
      '@algolia/client-common': 5.50.2
      '@algolia/requester-browser-xhr': 5.50.2
      '@algolia/requester-fetch': 5.50.2
      '@algolia/requester-node-http': 5.50.2

  '@algolia/client-analytics@5.50.2':
    dependencies:
      '@algolia/client-common': 5.50.2
      '@algolia/requester-browser-xhr': 5.50.2
      '@algolia/requester-fetch': 5.50.2
      '@algolia/requester-node-http': 5.50.2

  '@algolia/client-common@5.50.2': {}

  '@algolia/client-insights@5.50.2':
    dependencies:
      '@algolia/client-common': 5.50.2
      '@algolia/requester-browser-xhr': 5.50.2
      '@algolia/requester-fetch': 5.50.2
      '@algolia/requester-node-http': 5.50.2

  '@algolia/client-personalization@5.50.2':
    dependencies:
      '@algolia/client-common': 5.50.2
      '@algolia/requester-browser-xhr': 5.50.2
      '@algolia/requester-fetch': 5.50.2
      '@algolia/requester-node-http': 5.50.2

  '@algolia/client-query-suggestions@5.50.2':
    dependencies:
      '@algolia/client-common': 5.50.2
      '@algolia/requester-browser-xhr': 5.50.2
      '@algolia/requester-fetch': 5.50.2
      '@algolia/requester-node-http': 5.50.2

  '@algolia/client-search@5.50.2':
    dependencies:
      '@algolia/client-common': 5.50.2
      '@algolia/requester-browser-xhr': 5.50.2
      '@algolia/requester-fetch': 5.50.2
      '@algolia/requester-node-http': 5.50.2

  '@algolia/ingestion@1.50.2':
    dependencies:
      '@algolia/client-common': 5.50.2
      '@algolia/requester-browser-xhr': 5.50.2
      '@algolia/requester-fetch': 5.50.2
      '@algolia/requester-node-http': 5.50.2

  '@algolia/monitoring@1.50.2':
    dependencies:
      '@algolia/client-common': 5.50.2
      '@algolia/requester-browser-xhr': 5.50.2
      '@algolia/requester-fetch': 5.50.2
      '@algolia/requester-node-http': 5.50.2

  '@algolia/recommend@5.50.2':
    dependencies:
      '@algolia/client-common': 5.50.2
      '@algolia/requester-browser-xhr': 5.50.2
      '@algolia/requester-fetch': 5.50.2
      '@algolia/requester-node-http': 5.50.2

  '@algolia/requester-browser-xhr@5.50.2':
    dependencies:
      '@algolia/client-common': 5.50.2

  '@algolia/requester-fetch@5.50.2':
    dependencies:
      '@algolia/client-common': 5.50.2

  '@algolia/requester-node-http@5.50.2':
    dependencies:
      '@algolia/client-common': 5.50.2

  '@babel/helper-string-parser@7.27.1': {}

  '@babel/helper-validator-identifier@7.28.5': {}

  '@babel/parser@7.29.2':
    dependencies:
      '@babel/types': 7.29.0

  '@babel/types@7.29.0':
    dependencies:
      '@babel/helper-string-parser': 7.27.1
      '@babel/helper-validator-identifier': 7.28.5

  '@docsearch/css@3.8.2': {}

  '@docsearch/js@3.8.2(@algolia/client-search@5.50.2)(search-insights@2.17.3)':
    dependencies:
      '@docsearch/react': 3.8.2(@algolia/client-search@5.50.2)(search-insights@2.17.3)
      preact: 10.29.1
    transitivePeerDependencies:
      - '@algolia/client-search'
      - '@types/react'
      - react
      - react-dom
      - search-insights

  '@docsearch/react@3.8.2(@algolia/client-search@5.50.2)(search-insights@2.17.3)':
    dependencies:
      '@algolia/autocomplete-core': 1.17.7(@algolia/client-search@5.50.2)(algoliasearch@5.50.2)(search-insights@2.17.3)
      '@algolia/autocomplete-preset-algolia': 1.17.7(@algolia/client-search@5.50.2)(algoliasearch@5.50.2)
      '@docsearch/css': 3.8.2
      algoliasearch: 5.50.2
    optionalDependencies:
      search-insights: 2.17.3
    transitivePeerDependencies:
      - '@algolia/client-search'

  '@esbuild/aix-ppc64@0.21.5':
    optional: true

  '@esbuild/android-arm64@0.21.5':
    optional: true

  '@esbuild/android-arm@0.21.5':
    optional: true

  '@esbuild/android-x64@0.21.5':
    optional: true

  '@esbuild/darwin-arm64@0.21.5':
    optional: true

  '@esbuild/darwin-x64@0.21.5':
    optional: true

  '@esbuild/freebsd-arm64@0.21.5':
    optional: true

  '@esbuild/freebsd-x64@0.21.5':
    optional: true

  '@esbuild/linux-arm64@0.21.5':
    optional: true

  '@esbuild/linux-arm@0.21.5':
    optional: true

  '@esbuild/linux-ia32@0.21.5':
    optional: true

  '@esbuild/linux-loong64@0.21.5':
    optional: true

  '@esbuild/linux-mips64el@0.21.5':
    optional: true

  '@esbuild/linux-ppc64@0.21.5':
    optional: true

  '@esbuild/linux-riscv64@0.21.5':
    optional: true

  '@esbuild/linux-s390x@0.21.5':
    optional: true

  '@esbuild/linux-x64@0.21.5':
    optional: true

  '@esbuild/netbsd-x64@0.21.5':
    optional: true

  '@esbuild/openbsd-x64@0.21.5':
    optional: true

  '@esbuild/sunos-x64@0.21.5':
    optional: true

  '@esbuild/win32-arm64@0.21.5':
    optional: true

  '@esbuild/win32-ia32@0.21.5':
    optional: true

  '@esbuild/win32-x64@0.21.5':
    optional: true

  '@iconify-json/simple-icons@1.2.79':
    dependencies:
      '@iconify/types': 2.0.0

  '@iconify/types@2.0.0': {}

  '@jridgewell/sourcemap-codec@1.5.5': {}

  '@rollup/rollup-android-arm-eabi@4.60.2':
    optional: true

  '@rollup/rollup-android-arm64@4.60.2':
    optional: true

  '@rollup/rollup-darwin-arm64@4.60.2':
    optional: true

  '@rollup/rollup-darwin-x64@4.60.2':
    optional: true

  '@rollup/rollup-freebsd-arm64@4.60.2':
    optional: true

  '@rollup/rollup-freebsd-x64@4.60.2':
    optional: true

  '@rollup/rollup-linux-arm-gnueabihf@4.60.2':
    optional: true

  '@rollup/rollup-linux-arm-musleabihf@4.60.2':
    optional: true

  '@rollup/rollup-linux-arm64-gnu@4.60.2':
    optional: true

  '@rollup/rollup-linux-arm64-musl@4.60.2':
    optional: true

  '@rollup/rollup-linux-loong64-gnu@4.60.2':
    optional: true

  '@rollup/rollup-linux-loong64-musl@4.60.2':
    optional: true

  '@rollup/rollup-linux-ppc64-gnu@4.60.2':
    optional: true

  '@rollup/rollup-linux-ppc64-musl@4.60.2':
    optional: true

  '@rollup/rollup-linux-riscv64-gnu@4.60.2':
    optional: true

  '@rollup/rollup-linux-riscv64-musl@4.60.2':
    optional: true

  '@rollup/rollup-linux-s390x-gnu@4.60.2':
    optional: true

  '@rollup/rollup-linux-x64-gnu@4.60.2':
    optional: true

  '@rollup/rollup-linux-x64-musl@4.60.2':
    optional: true

  '@rollup/rollup-openbsd-x64@4.60.2':
    optional: true

  '@rollup/rollup-openharmony-arm64@4.60.2':
    optional: true

  '@rollup/rollup-win32-arm64-msvc@4.60.2':
    optional: true

  '@rollup/rollup-win32-ia32-msvc@4.60.2':
    optional: true

  '@rollup/rollup-win32-x64-gnu@4.60.2':
    optional: true

  '@rollup/rollup-win32-x64-msvc@4.60.2':
    optional: true

  '@shikijs/core@2.5.0':
    dependencies:
      '@shikijs/engine-javascript': 2.5.0
      '@shikijs/engine-oniguruma': 2.5.0
      '@shikijs/types': 2.5.0
      '@shikijs/vscode-textmate': 10.0.2
      '@types/hast': 3.0.4
      hast-util-to-html: 9.0.5

  '@shikijs/engine-javascript@2.5.0':
    dependencies:
      '@shikijs/types': 2.5.0
      '@shikijs/vscode-textmate': 10.0.2
      oniguruma-to-es: 3.1.1

  '@shikijs/engine-oniguruma@2.5.0':
    dependencies:
      '@shikijs/types': 2.5.0
      '@shikijs/vscode-textmate': 10.0.2

  '@shikijs/langs@2.5.0':
    dependencies:
      '@shikijs/types': 2.5.0

  '@shikijs/themes@2.5.0':
    dependencies:
      '@shikijs/types': 2.5.0

  '@shikijs/transformers@2.5.0':
    dependencies:
      '@shikijs/core': 2.5.0
      '@shikijs/types': 2.5.0

  '@shikijs/types@2.5.0':
    dependencies:
      '@shikijs/vscode-textmate': 10.0.2
      '@types/hast': 3.0.4

  '@shikijs/vscode-textmate@10.0.2': {}

  '@types/estree@1.0.8': {}

  '@types/hast@3.0.4':
    dependencies:
      '@types/unist': 3.0.3

  '@types/linkify-it@5.0.0': {}

  '@types/markdown-it@14.1.2':
    dependencies:
      '@types/linkify-it': 5.0.0
      '@types/mdurl': 2.0.0

  '@types/mdast@4.0.4':
    dependencies:
      '@types/unist': 3.0.3

  '@types/mdurl@2.0.0': {}

  '@types/unist@3.0.3': {}

  '@types/web-bluetooth@0.0.21': {}

  '@ungap/structured-clone@1.3.0': {}

  '@vitejs/plugin-vue@5.2.4(vite@5.4.21)(vue@3.5.33)':
    dependencies:
      vite: 5.4.21
      vue: 3.5.33

  '@vue/compiler-core@3.5.33':
    dependencies:
      '@babel/parser': 7.29.2
      '@vue/shared': 3.5.33
      entities: 7.0.1
      estree-walker: 2.0.2
      source-map-js: 1.2.1

  '@vue/compiler-dom@3.5.33':
    dependencies:
      '@vue/compiler-core': 3.5.33
      '@vue/shared': 3.5.33

  '@vue/compiler-sfc@3.5.33':
    dependencies:
      '@babel/parser': 7.29.2
      '@vue/compiler-core': 3.5.33
      '@vue/compiler-dom': 3.5.33
      '@vue/compiler-ssr': 3.5.33
      '@vue/shared': 3.5.33
      estree-walker: 2.0.2
      magic-string: 0.30.21
      postcss: 8.5.10
      source-map-js: 1.2.1

  '@vue/compiler-ssr@3.5.33':
    dependencies:
      '@vue/compiler-dom': 3.5.33
      '@vue/shared': 3.5.33

  '@vue/devtools-api@7.7.9':
    dependencies:
      '@vue/devtools-kit': 7.7.9

  '@vue/devtools-kit@7.7.9':
    dependencies:
      '@vue/devtools-shared': 7.7.9
      birpc: 2.9.0
      hookable: 5.5.3
      mitt: 3.0.1
      perfect-debounce: 1.0.0
      speakingurl: 14.0.1
      superjson: 2.2.6

  '@vue/devtools-shared@7.7.9':
    dependencies:
      rfdc: 1.4.1

  '@vue/reactivity@3.5.33':
    dependencies:
      '@vue/shared': 3.5.33

  '@vue/runtime-core@3.5.33':
    dependencies:
      '@vue/reactivity': 3.5.33
      '@vue/shared': 3.5.33

  '@vue/runtime-dom@3.5.33':
    dependencies:
      '@vue/reactivity': 3.5.33
      '@vue/runtime-core': 3.5.33
      '@vue/shared': 3.5.33
      csstype: 3.2.3

  '@vue/server-renderer@3.5.33(vue@3.5.33)':
    dependencies:
      '@vue/compiler-ssr': 3.5.33
      '@vue/shared': 3.5.33
      vue: 3.5.33

  '@vue/shared@3.5.33': {}

  '@vueuse/core@12.8.2':
    dependencies:
      '@types/web-bluetooth': 0.0.21
      '@vueuse/metadata': 12.8.2
      '@vueuse/shared': 12.8.2
      vue: 3.5.33
    transitivePeerDependencies:
      - typescript

  '@vueuse/integrations@12.8.2(focus-trap@7.8.0)':
    dependencies:
      '@vueuse/core': 12.8.2
      '@vueuse/shared': 12.8.2
      vue: 3.5.33
    optionalDependencies:
      focus-trap: 7.8.0
    transitivePeerDependencies:
      - typescript

  '@vueuse/metadata@12.8.2': {}

  '@vueuse/shared@12.8.2':
    dependencies:
      vue: 3.5.33
    transitivePeerDependencies:
      - typescript

  algoliasearch@5.50.2:
    dependencies:
      '@algolia/abtesting': 1.16.2
      '@algolia/client-abtesting': 5.50.2
      '@algolia/client-analytics': 5.50.2
      '@algolia/client-common': 5.50.2
      '@algolia/client-insights': 5.50.2
      '@algolia/client-personalization': 5.50.2
      '@algolia/client-query-suggestions': 5.50.2
      '@algolia/client-search': 5.50.2
      '@algolia/ingestion': 1.50.2
      '@algolia/monitoring': 1.50.2
      '@algolia/recommend': 5.50.2
      '@algolia/requester-browser-xhr': 5.50.2
      '@algolia/requester-fetch': 5.50.2
      '@algolia/requester-node-http': 5.50.2

  birpc@2.9.0: {}

  ccount@2.0.1: {}

  character-entities-html4@2.1.0: {}

  character-entities-legacy@3.0.0: {}

  comma-separated-tokens@2.0.3: {}

  copy-anything@4.0.5:
    dependencies:
      is-what: 5.5.0

  csstype@3.2.3: {}

  dequal@2.0.3: {}

  devlop@1.1.0:
    dependencies:
      dequal: 2.0.3

  emoji-regex-xs@1.0.0: {}

  entities@7.0.1: {}

  esbuild@0.21.5:
    optionalDependencies:
      '@esbuild/aix-ppc64': 0.21.5
      '@esbuild/android-arm': 0.21.5
      '@esbuild/android-arm64': 0.21.5
      '@esbuild/android-x64': 0.21.5
      '@esbuild/darwin-arm64': 0.21.5
      '@esbuild/darwin-x64': 0.21.5
      '@esbuild/freebsd-arm64': 0.21.5
      '@esbuild/freebsd-x64': 0.21.5
      '@esbuild/linux-arm': 0.21.5
      '@esbuild/linux-arm64': 0.21.5
      '@esbuild/linux-ia32': 0.21.5
      '@esbuild/linux-loong64': 0.21.5
      '@esbuild/linux-mips64el': 0.21.5
      '@esbuild/linux-ppc64': 0.21.5
      '@esbuild/linux-riscv64': 0.21.5
      '@esbuild/linux-s390x': 0.21.5
      '@esbuild/linux-x64': 0.21.5
      '@esbuild/netbsd-x64': 0.21.5
      '@esbuild/openbsd-x64': 0.21.5
      '@esbuild/sunos-x64': 0.21.5
      '@esbuild/win32-arm64': 0.21.5
      '@esbuild/win32-ia32': 0.21.5
      '@esbuild/win32-x64': 0.21.5

  estree-walker@2.0.2: {}

  focus-trap@7.8.0:
    dependencies:
      tabbable: 6.4.0

  fsevents@2.3.3:
    optional: true

  hast-util-to-html@9.0.5:
    dependencies:
      '@types/hast': 3.0.4
      '@types/unist': 3.0.3
      ccount: 2.0.1
      comma-separated-tokens: 2.0.3
      hast-util-whitespace: 3.0.0
      html-void-elements: 3.0.0
      mdast-util-to-hast: 13.2.1
      property-information: 7.1.0
      space-separated-tokens: 2.0.2
      stringify-entities: 4.0.4
      zwitch: 2.0.4

  hast-util-whitespace@3.0.0:
    dependencies:
      '@types/hast': 3.0.4

  hookable@5.5.3: {}

  html-void-elements@3.0.0: {}

  is-what@5.5.0: {}

  magic-string@0.30.21:
    dependencies:
      '@jridgewell/sourcemap-codec': 1.5.5

  mark.js@8.11.1: {}

  mdast-util-to-hast@13.2.1:
    dependencies:
      '@types/hast': 3.0.4
      '@types/mdast': 4.0.4
      '@ungap/structured-clone': 1.3.0
      devlop: 1.1.0
      micromark-util-sanitize-uri: 2.0.1
      trim-lines: 3.0.1
      unist-util-position: 5.0.0
      unist-util-visit: 5.1.0
      vfile: 6.0.3

  micromark-util-character@2.1.1:
    dependencies:
      micromark-util-symbol: 2.0.1
      micromark-util-types: 2.0.2

  micromark-util-encode@2.0.1: {}

  micromark-util-sanitize-uri@2.0.1:
    dependencies:
      micromark-util-character: 2.1.1
      micromark-util-encode: 2.0.1
      micromark-util-symbol: 2.0.1

  micromark-util-symbol@2.0.1: {}

  micromark-util-types@2.0.2: {}

  minisearch@7.2.0: {}

  mitt@3.0.1: {}

  nanoid@3.3.11: {}

  oniguruma-to-es@3.1.1:
    dependencies:
      emoji-regex-xs: 1.0.0
      regex: 6.1.0
      regex-recursion: 6.0.2

  perfect-debounce@1.0.0: {}

  picocolors@1.1.1: {}

  postcss@8.5.10:
    dependencies:
      nanoid: 3.3.11
      picocolors: 1.1.1
      source-map-js: 1.2.1

  preact@10.29.1: {}

  property-information@7.1.0: {}

  regex-recursion@6.0.2:
    dependencies:
      regex-utilities: 2.3.0

  regex-utilities@2.3.0: {}

  regex@6.1.0:
    dependencies:
      regex-utilities: 2.3.0

  rfdc@1.4.1: {}

  rollup@4.60.2:
    dependencies:
      '@types/estree': 1.0.8
    optionalDependencies:
      '@rollup/rollup-android-arm-eabi': 4.60.2
      '@rollup/rollup-android-arm64': 4.60.2
      '@rollup/rollup-darwin-arm64': 4.60.2
      '@rollup/rollup-darwin-x64': 4.60.2
      '@rollup/rollup-freebsd-arm64': 4.60.2
      '@rollup/rollup-freebsd-x64': 4.60.2
      '@rollup/rollup-linux-arm-gnueabihf': 4.60.2
      '@rollup/rollup-linux-arm-musleabihf': 4.60.2
      '@rollup/rollup-linux-arm64-gnu': 4.60.2
      '@rollup/rollup-linux-arm64-musl': 4.60.2
      '@rollup/rollup-linux-loong64-gnu': 4.60.2
      '@rollup/rollup-linux-loong64-musl': 4.60.2
      '@rollup/rollup-linux-ppc64-gnu': 4.60.2
      '@rollup/rollup-linux-ppc64-musl': 4.60.2
      '@rollup/rollup-linux-riscv64-gnu': 4.60.2
      '@rollup/rollup-linux-riscv64-musl': 4.60.2
      '@rollup/rollup-linux-s390x-gnu': 4.60.2
      '@rollup/rollup-linux-x64-gnu': 4.60.2
      '@rollup/rollup-linux-x64-musl': 4.60.2
      '@rollup/rollup-openbsd-x64': 4.60.2
      '@rollup/rollup-openharmony-arm64': 4.60.2
      '@rollup/rollup-win32-arm64-msvc': 4.60.2
      '@rollup/rollup-win32-ia32-msvc': 4.60.2
      '@rollup/rollup-win32-x64-gnu': 4.60.2
      '@rollup/rollup-win32-x64-msvc': 4.60.2
      fsevents: 2.3.3

  search-insights@2.17.3: {}

  shiki@2.5.0:
    dependencies:
      '@shikijs/core': 2.5.0
      '@shikijs/engine-javascript': 2.5.0
      '@shikijs/engine-oniguruma': 2.5.0
      '@shikijs/langs': 2.5.0
      '@shikijs/themes': 2.5.0
      '@shikijs/types': 2.5.0
      '@shikijs/vscode-textmate': 10.0.2
      '@types/hast': 3.0.4

  source-map-js@1.2.1: {}

  space-separated-tokens@2.0.2: {}

  speakingurl@14.0.1: {}

  stringify-entities@4.0.4:
    dependencies:
      character-entities-html4: 2.1.0
      character-entities-legacy: 3.0.0

  superjson@2.2.6:
    dependencies:
      copy-anything: 4.0.5

  tabbable@6.4.0: {}

  trim-lines@3.0.1: {}

  unist-util-is@6.0.1:
    dependencies:
      '@types/unist': 3.0.3

  unist-util-position@5.0.0:
    dependencies:
      '@types/unist': 3.0.3

  unist-util-stringify-position@4.0.0:
    dependencies:
      '@types/unist': 3.0.3

  unist-util-visit-parents@6.0.2:
    dependencies:
      '@types/unist': 3.0.3
      unist-util-is: 6.0.1

  unist-util-visit@5.1.0:
    dependencies:
      '@types/unist': 3.0.3
      unist-util-is: 6.0.1
      unist-util-visit-parents: 6.0.2

  vfile-message@4.0.3:
    dependencies:
      '@types/unist': 3.0.3
      unist-util-stringify-position: 4.0.0

  vfile@6.0.3:
    dependencies:
      '@types/unist': 3.0.3
      vfile-message: 4.0.3

  vite@5.4.21:
    dependencies:
      esbuild: 0.21.5
      postcss: 8.5.10
      rollup: 4.60.2
    optionalDependencies:
      fsevents: 2.3.3

  vitepress@1.6.4(@algolia/client-search@5.50.2)(postcss@8.5.10)(search-insights@2.17.3):
    dependencies:
      '@docsearch/css': 3.8.2
      '@docsearch/js': 3.8.2(@algolia/client-search@5.50.2)(search-insights@2.17.3)
      '@iconify-json/simple-icons': 1.2.79
      '@shikijs/core': 2.5.0
      '@shikijs/transformers': 2.5.0
      '@shikijs/types': 2.5.0
      '@types/markdown-it': 14.1.2
      '@vitejs/plugin-vue': 5.2.4(vite@5.4.21)(vue@3.5.33)
      '@vue/devtools-api': 7.7.9
      '@vue/shared': 3.5.33
      '@vueuse/core': 12.8.2
      '@vueuse/integrations': 12.8.2(focus-trap@7.8.0)
      focus-trap: 7.8.0
      mark.js: 8.11.1
      minisearch: 7.2.0
      shiki: 2.5.0
      vite: 5.4.21
      vue: 3.5.33
    optionalDependencies:
      postcss: 8.5.10
    transitivePeerDependencies:
      - '@algolia/client-search'
      - '@types/node'
      - '@types/react'
      - async-validator
      - axios
      - change-case
      - drauu
      - fuse.js
      - idb-keyval
      - jwt-decode
      - less
      - lightningcss
      - nprogress
      - qrcode
      - react
      - react-dom
      - sass
      - sass-embedded
      - search-insights
      - sortablejs
      - stylus
      - sugarss
      - terser
      - typescript
      - universal-cookie

  vue@3.5.33:
    dependencies:
      '@vue/compiler-dom': 3.5.33
      '@vue/compiler-sfc': 3.5.33
      '@vue/runtime-dom': 3.5.33
      '@vue/server-renderer': 3.5.33(vue@3.5.33)
      '@vue/shared': 3.5.33

  zwitch@2.0.4: {}
